packages:
  - name: dbt_expectations
    package: metaplane/dbt_expectations
    version: 0.10.10
  - name: dbt_utils
    package: dbt-labs/dbt_utils
    version: 1.3.3
  - name: elementary
    package: elementary-data/elementary
    version: 0.22.1
  - name: dbt_date
    package: godatadriven/dbt_date
    version: 0.17.1
sha1_hash: d0f3289ac353354d2f0595acb4c0d19fa7b95a99
